
Microsoft Visual Studio Solution File, Format Version 12.00
# Visual Studio Version 17
Project("{8BC9CEB8-8B4A-11D0-8D11-00A0C91BC942}") = "ALL_BUILD", "ALL_BUILD.vcxproj", "{FB18D4AC-8307-37CB-974D-200DC211F4C3}"
	ProjectSection(ProjectDependencies) = postProject
		{494839F3-98E6-3705-8EF7-E20766C4E3B1} = {494839F3-98E6-3705-8EF7-E20766C4E3B1}
		{9912617F-579B-3EB1-9024-4DDC463B3F36} = {9912617F-579B-3EB1-9024-4DDC463B3F36}
		{3AFE447D-00DF-3726-A073-E8DE8083D8E8} = {3AFE447D-00DF-3726-A073-E8DE8083D8E8}
		{66173B27-C67D-33C5-88DE-BE4D6AE67D4E} = {66173B27-C67D-33C5-88DE-BE4D6AE67D4E}
		{352FEC03-6A81-3313-9D3C-2C877FE82180} = {352FEC03-6A81-3313-9D3C-2C877FE82180}
		{5BE4F5F8-794E-347F-B00A-E7FE1A0FAE43} = {5BE4F5F8-794E-347F-B00A-E7FE1A0FAE43}
		{998F2068-E740-3498-AAEE-D2BDA03A0B79} = {998F2068-E740-3498-AAEE-D2BDA03A0B79}
	EndProjectSection
EndProject
Project("{8BC9CEB8-8B4A-11D0-8D11-00A0C91BC942}") = "Stack", "src\Stack.vcxproj", "{494839F3-98E6-3705-8EF7-E20766C4E3B1}"
	ProjectSection(ProjectDependencies) = postProject
		{9912617F-579B-3EB1-9024-4DDC463B3F36} = {9912617F-579B-3EB1-9024-4DDC463B3F36}
	EndProjectSection
EndProject
Project("{8BC9CEB8-8B4A-11D0-8D11-00A0C91BC942}") = "ZERO_CHECK", "ZERO_CHECK.vcxproj", "{9912617F-579B-3EB1-9024-4DDC463B3F36}"
	ProjectSection(ProjectDependencies) = postProject
	EndProjectSection
EndProject
Project("{8BC9CEB8-8B4A-11D0-8D11-00A0C91BC942}") = "gtest", "gtest\gtest.vcxproj", "{3AFE447D-00DF-3726-A073-E8DE8083D8E8}"
	ProjectSection(ProjectDependencies) = postProject
		{9912617F-579B-3EB1-9024-4DDC463B3F36} = {9912617F-579B-3EB1-9024-4DDC463B3F36}
	EndProjectSection
EndProject
Project("{8BC9CEB8-8B4A-11D0-8D11-00A0C91BC942}") = "sample_TArithmeticExpression", "samples\sample_TArithmeticExpression.vcxproj", "{66173B27-C67D-33C5-88DE-BE4D6AE67D4E}"
	ProjectSection(ProjectDependencies) = postProject
		{494839F3-98E6-3705-8EF7-E20766C4E3B1} = {494839F3-98E6-3705-8EF7-E20766C4E3B1}
		{9912617F-579B-3EB1-9024-4DDC463B3F36} = {9912617F-579B-3EB1-9024-4DDC463B3F36}
	EndProjectSection
EndProject
Project("{8BC9CEB8-8B4A-11D0-8D11-00A0C91BC942}") = "sample_TQueue", "samples\sample_TQueue.vcxproj", "{352FEC03-6A81-3313-9D3C-2C877FE82180}"
	ProjectSection(ProjectDependencies) = postProject
		{494839F3-98E6-3705-8EF7-E20766C4E3B1} = {494839F3-98E6-3705-8EF7-E20766C4E3B1}
		{9912617F-579B-3EB1-9024-4DDC463B3F36} = {9912617F-579B-3EB1-9024-4DDC463B3F36}
	EndProjectSection
EndProject
Project("{8BC9CEB8-8B4A-11D0-8D11-00A0C91BC942}") = "sample_stack", "samples\sample_stack.vcxproj", "{5BE4F5F8-794E-347F-B00A-E7FE1A0FAE43}"
	ProjectSection(ProjectDependencies) = postProject
		{494839F3-98E6-3705-8EF7-E20766C4E3B1} = {494839F3-98E6-3705-8EF7-E20766C4E3B1}
		{9912617F-579B-3EB1-9024-4DDC463B3F36} = {9912617F-579B-3EB1-9024-4DDC463B3F36}
	EndProjectSection
EndProject
Project("{8BC9CEB8-8B4A-11D0-8D11-00A0C91BC942}") = "tests_Stack", "tests\tests_Stack.vcxproj", "{998F2068-E740-3498-AAEE-D2BDA03A0B79}"
	ProjectSection(ProjectDependencies) = postProject
		{494839F3-98E6-3705-8EF7-E20766C4E3B1} = {494839F3-98E6-3705-8EF7-E20766C4E3B1}
		{9912617F-579B-3EB1-9024-4DDC463B3F36} = {9912617F-579B-3EB1-9024-4DDC463B3F36}
		{3AFE447D-00DF-3726-A073-E8DE8083D8E8} = {3AFE447D-00DF-3726-A073-E8DE8083D8E8}
	EndProjectSection
EndProject
Global
	GlobalSection(SolutionConfigurationPlatforms) = preSolution
		Debug|x64 = Debug|x64
		Release|x64 = Release|x64
	EndGlobalSection
	GlobalSection(ProjectConfigurationPlatforms) = postSolution
		{FB18D4AC-8307-37CB-974D-200DC211F4C3}.Debug|x64.ActiveCfg = Debug|x64
		{FB18D4AC-8307-37CB-974D-200DC211F4C3}.Release|x64.ActiveCfg = Release|x64
		{494839F3-98E6-3705-8EF7-E20766C4E3B1}.Debug|x64.ActiveCfg = Debug|x64
		{494839F3-98E6-3705-8EF7-E20766C4E3B1}.Debug|x64.Build.0 = Debug|x64
		{494839F3-98E6-3705-8EF7-E20766C4E3B1}.Release|x64.ActiveCfg = Release|x64
		{494839F3-98E6-3705-8EF7-E20766C4E3B1}.Release|x64.Build.0 = Release|x64
		{9912617F-579B-3EB1-9024-4DDC463B3F36}.Debug|x64.ActiveCfg = Debug|x64
		{9912617F-579B-3EB1-9024-4DDC463B3F36}.Debug|x64.Build.0 = Debug|x64
		{9912617F-579B-3EB1-9024-4DDC463B3F36}.Release|x64.ActiveCfg = Release|x64
		{9912617F-579B-3EB1-9024-4DDC463B3F36}.Release|x64.Build.0 = Release|x64
		{3AFE447D-00DF-3726-A073-E8DE8083D8E8}.Debug|x64.ActiveCfg = Debug|x64
		{3AFE447D-00DF-3726-A073-E8DE8083D8E8}.Debug|x64.Build.0 = Debug|x64
		{3AFE447D-00DF-3726-A073-E8DE8083D8E8}.Release|x64.ActiveCfg = Release|x64
		{3AFE447D-00DF-3726-A073-E8DE8083D8E8}.Release|x64.Build.0 = Release|x64
		{66173B27-C67D-33C5-88DE-BE4D6AE67D4E}.Debug|x64.ActiveCfg = Debug|x64
		{66173B27-C67D-33C5-88DE-BE4D6AE67D4E}.Debug|x64.Build.0 = Debug|x64
		{66173B27-C67D-33C5-88DE-BE4D6AE67D4E}.Release|x64.ActiveCfg = Release|x64
		{66173B27-C67D-33C5-88DE-BE4D6AE67D4E}.Release|x64.Build.0 = Release|x64
		{352FEC03-6A81-3313-9D3C-2C877FE82180}.Debug|x64.ActiveCfg = Debug|x64
		{352FEC03-6A81-3313-9D3C-2C877FE82180}.Debug|x64.Build.0 = Debug|x64
		{352FEC03-6A81-3313-9D3C-2C877FE82180}.Release|x64.ActiveCfg = Release|x64
		{352FEC03-6A81-3313-9D3C-2C877FE82180}.Release|x64.Build.0 = Release|x64
		{5BE4F5F8-794E-347F-B00A-E7FE1A0FAE43}.Debug|x64.ActiveCfg = Debug|x64
		{5BE4F5F8-794E-347F-B00A-E7FE1A0FAE43}.Debug|x64.Build.0 = Debug|x64
		{5BE4F5F8-794E-347F-B00A-E7FE1A0FAE43}.Release|x64.ActiveCfg = Release|x64
		{5BE4F5F8-794E-347F-B00A-E7FE1A0FAE43}.Release|x64.Build.0 = Release|x64
		{998F2068-E740-3498-AAEE-D2BDA03A0B79}.Debug|x64.ActiveCfg = Debug|x64
		{998F2068-E740-3498-AAEE-D2BDA03A0B79}.Debug|x64.Build.0 = Debug|x64
		{998F2068-E740-3498-AAEE-D2BDA03A0B79}.Release|x64.ActiveCfg = Release|x64
		{998F2068-E740-3498-AAEE-D2BDA03A0B79}.Release|x64.Build.0 = Release|x64
	EndGlobalSection
	GlobalSection(ExtensibilityGlobals) = postSolution
		SolutionGuid = {1B2E7FC0-360C-3400-AAC2-2EBE8CB64D7A}
	EndGlobalSection
	GlobalSection(ExtensibilityAddIns) = postSolution
	EndGlobalSection
EndGlobal
